
Microsoft Visual Studio Solution File, Format Version 12.00
Project("{FAE04EC0-301F-11D3-BF4B-00C04F79EFBC}") = "LibrelancerAuthentication", "LibrelancerAuthentication\LibrelancerAuthentication.csproj", "{01B483EC-23BC-41CE-8DE2-22EC6A510CD8}"
EndProject
Global
	GlobalSection(SolutionConfigurationPlatforms) = preSolution
		Debug|Any CPU = Debug|Any CPU
		Release|Any CPU = Release|Any CPU
	EndGlobalSection
	GlobalSection(ProjectConfigurationPlatforms) = postSolution
		{01B483EC-23BC-41CE-8DE2-22EC6A510CD8}.Debug|Any CPU.ActiveCfg = Debug|Any CPU
		{01B483EC-23BC-41CE-8DE2-22EC6A510CD8}.Debug|Any CPU.Build.0 = Debug|Any CPU
		{01B483EC-23BC-41CE-8DE2-22EC6A510CD8}.Release|Any CPU.ActiveCfg = Release|Any CPU
		{01B483EC-23BC-41CE-8DE2-22EC6A510CD8}.Release|Any CPU.Build.0 = Release|Any CPU
	EndGlobalSection
EndGlobal
